
Microsoft Visual Studio Solution File, Format Version 12.00
# Visual Studio 15
VisualStudioVersion = 15.0.26730.12
MinimumVisualStudioVersion = 10.0.40219.1
Project("{FAE04EC0-301F-11D3-BF4B-00C04F79EFBC}") = "SkillTree_MVC_HomeWork", "SkillTree_MVC_HomeWork\SkillTree_MVC_HomeWork.csproj", "{B735FC0F-D4CE-46B8-AC3A-F4E98132EFCF}"
EndProject
Global
	GlobalSection(SolutionConfigurationPlatforms) = preSolution
		Debug|Any CPU = Debug|Any CPU
		Release|Any CPU = Release|Any CPU
	EndGlobalSection
	GlobalSection(ProjectConfigurationPlatforms) = postSolution
		{B735FC0F-D4CE-46B8-AC3A-F4E98132EFCF}.Debug|Any CPU.ActiveCfg = Debug|Any CPU
		{B735FC0F-D4CE-46B8-AC3A-F4E98132EFCF}.Debug|Any CPU.Build.0 = Debug|Any CPU
		{B735FC0F-D4CE-46B8-AC3A-F4E98132EFCF}.Release|Any CPU.ActiveCfg = Release|Any CPU
		{B735FC0F-D4CE-46B8-AC3A-F4E98132EFCF}.Release|Any CPU.Build.0 = Release|Any CPU
	EndGlobalSection
	GlobalSection(SolutionProperties) = preSolution
		HideSolutionNode = FALSE
	EndGlobalSection
	GlobalSection(ExtensibilityGlobals) = postSolution
		SolutionGuid = {77EF2F03-D6EE-4F6B-A354-2183835EEF5B}
	EndGlobalSection
EndGlobal
